
Microsoft Visual Studio Solution File, Format Version 12.00
# Visual Studio Version 16
VisualStudioVersion = 16.0.31624.102
MinimumVisualStudioVersion = 10.0.40219.1
Project("{FAE04EC0-301F-11D3-BF4B-00C04F79EFBC}") = "HomeworkTaskeve3", "HomeworkTaskeve3\HomeworkTaskeve3.csproj", "{14D6CD30-BA49-4CBB-BD5E-5406CB46FEAF}"
EndProject
Global
	GlobalSection(SolutionConfigurationPlatforms) = preSolution
		Debug|Any CPU = Debug|Any CPU
		Release|Any CPU = Release|Any CPU
	EndGlobalSection
	GlobalSection(ProjectConfigurationPlatforms) = postSolution
		{14D6CD30-BA49-4CBB-BD5E-5406CB46FEAF}.Debug|Any CPU.ActiveCfg = Debug|Any CPU
		{14D6CD30-BA49-4CBB-BD5E-5406CB46FEAF}.Debug|Any CPU.Build.0 = Debug|Any CPU
		{14D6CD30-BA49-4CBB-BD5E-5406CB46FEAF}.Release|Any CPU.ActiveCfg = Release|Any CPU
		{14D6CD30-BA49-4CBB-BD5E-5406CB46FEAF}.Release|Any CPU.Build.0 = Release|Any CPU
	EndGlobalSection
	GlobalSection(SolutionProperties) = preSolution
		HideSolutionNode = FALSE
	EndGlobalSection
	GlobalSection(ExtensibilityGlobals) = postSolution
		SolutionGuid = {1BE8A6A3-EF30-4DD2-88F0-AA34303997B7}
	EndGlobalSection
EndGlobal
